
Microsoft Visual Studio Solution File, Format Version 12.00
Project("{FAE04EC0-301F-11D3-BF4B-00C04F79EFBC}") = "USP.Web", "USP.Web\USP.Web.csproj", "{8A642A88-8F6E-4EFE-BAA2-0145764C66E4}"
EndProject
Project("{FAE04EC0-301F-11D3-BF4B-00C04F79EFBC}") = "USP.Models", "USP.Models\USP.Models.csproj", "{AED4F293-C406-44B9-92FF-AAC4433482DB}"
EndProject
Project("{FAE04EC0-301F-11D3-BF4B-00C04F79EFBC}") = "USP.Data", "USP.Data\USP.Data.csproj", "{7859A415-7601-4BA4-9FF7-4CFC61696554}"
EndProject
Project("{FAE04EC0-301F-11D3-BF4B-00C04F79EFBC}") = "USP.Repositories", "USP.Repositories\USP.Repositories.csproj", "{066D93BF-0A7D-4353-86D5-3ECCC4A3761A}"
EndProject
Project("{FAE04EC0-301F-11D3-BF4B-00C04F79EFBC}") = "USP.Services", "USP.Services\USP.Services.csproj", "{7F5A7B96-2E66-4052-9C0E-71BBC4444B8B}"
EndProject
Global
	GlobalSection(SolutionConfigurationPlatforms) = preSolution
		Debug|Any CPU = Debug|Any CPU
		Release|Any CPU = Release|Any CPU
	EndGlobalSection
	GlobalSection(ProjectConfigurationPlatforms) = postSolution
		{8A642A88-8F6E-4EFE-BAA2-0145764C66E4}.Debug|Any CPU.ActiveCfg = Debug|Any CPU
		{8A642A88-8F6E-4EFE-BAA2-0145764C66E4}.Debug|Any CPU.Build.0 = Debug|Any CPU
		{8A642A88-8F6E-4EFE-BAA2-0145764C66E4}.Release|Any CPU.ActiveCfg = Release|Any CPU
		{8A642A88-8F6E-4EFE-BAA2-0145764C66E4}.Release|Any CPU.Build.0 = Release|Any CPU
		{AED4F293-C406-44B9-92FF-AAC4433482DB}.Debug|Any CPU.ActiveCfg = Debug|Any CPU
		{AED4F293-C406-44B9-92FF-AAC4433482DB}.Debug|Any CPU.Build.0 = Debug|Any CPU
		{AED4F293-C406-44B9-92FF-AAC4433482DB}.Release|Any CPU.ActiveCfg = Release|Any CPU
		{AED4F293-C406-44B9-92FF-AAC4433482DB}.Release|Any CPU.Build.0 = Release|Any CPU
		{7859A415-7601-4BA4-9FF7-4CFC61696554}.Debug|Any CPU.ActiveCfg = Debug|Any CPU
		{7859A415-7601-4BA4-9FF7-4CFC61696554}.Debug|Any CPU.Build.0 = Debug|Any CPU
		{7859A415-7601-4BA4-9FF7-4CFC61696554}.Release|Any CPU.ActiveCfg = Release|Any CPU
		{7859A415-7601-4BA4-9FF7-4CFC61696554}.Release|Any CPU.Build.0 = Release|Any CPU
		{066D93BF-0A7D-4353-86D5-3ECCC4A3761A}.Debug|Any CPU.ActiveCfg = Debug|Any CPU
		{066D93BF-0A7D-4353-86D5-3ECCC4A3761A}.Debug|Any CPU.Build.0 = Debug|Any CPU
		{066D93BF-0A7D-4353-86D5-3ECCC4A3761A}.Release|Any CPU.ActiveCfg = Release|Any CPU
		{066D93BF-0A7D-4353-86D5-3ECCC4A3761A}.Release|Any CPU.Build.0 = Release|Any CPU
		{7F5A7B96-2E66-4052-9C0E-71BBC4444B8B}.Debug|Any CPU.ActiveCfg = Debug|Any CPU
		{7F5A7B96-2E66-4052-9C0E-71BBC4444B8B}.Debug|Any CPU.Build.0 = Debug|Any CPU
		{7F5A7B96-2E66-4052-9C0E-71BBC4444B8B}.Release|Any CPU.ActiveCfg = Release|Any CPU
		{7F5A7B96-2E66-4052-9C0E-71BBC4444B8B}.Release|Any CPU.Build.0 = Release|Any CPU
	EndGlobalSection
EndGlobal
